<?xml version="1.0" encoding="utf-8"?>
<Project ToolsVersion="4.0" xmlns="http://schemas.microsoft.com/developer/msbuild/2003">
  <ItemGroup>
    <Filter Include="Source Files">
      <UniqueIdentifier>{4FC737F1-C7A5-4376-A066-2A32D752A2FF}</UniqueIdentifier>
      <Extensions>cpp;c;cc;cxx;def;odl;idl;hpj;bat;asm;asmx</Extensions>
    </Filter>
    <Filter Include="Example">
      <UniqueIdentifier>{93995380-89BD-4b04-88EB-625FBE52EBFB}</UniqueIdentifier>
      <Extensions>h;hh;hpp;hxx;hm;inl;inc;xsd</Extensions>
    </Filter>
  </ItemGroup>
  <ItemGroup>
    <ClInclude Include="..\..\Source\Attribute.h">
      <Filter>Source Files</Filter>
    </ClInclude>
    <ClInclude Include="..\..\Source\AttributeBinder.h">
      <Filter>Source Files</Filter>
    </ClInclude>
    <ClInclude Include="..\..\Source\BasicTypes.h">
      <Filter>Source Files</Filter>
    </ClInclude>
    <ClInclude Include="..\..\Source\BoolAttribute.h">
      <Filter>Source Files</Filter>
    </ClInclude>
    <ClInclude Include="..\..\Source\FloatAttribute.h">
      <Filter>Source Files</Filter>
    </ClInclude>
    <ClInclude Include="..\..\Source\Func.h">
      <Filter>Source Files</Filter>
    </ClInclude>
    <ClInclude Include="..\..\Source\FunctionAttribute.h">
      <Filter>Source Files</Filter>
    </ClInclude>
    <ClInclude Include="..\..\Source\GemAPI.h">
      <Filter>Source Files</Filter>
    </ClInclude>
    <ClInclude Include="..\..\Source\IntAttribute.h">
      <Filter>Source Files</Filter>
    </ClInclude>
    <ClInclude Include="..\..\Source\Member.h">
      <Filter>Source Files</Filter>
    </ClInclude>
    <ClInclude Include="..\..\Source\MemberAttribute.h">
      <Filter>Source Files</Filter>
    </ClInclude>
    <ClInclude Include="..\..\Source\MemberFlags.h">
      <Filter>Source Files</Filter>
    </ClInclude>
    <ClInclude Include="..\..\Source\MemberInfo.h">
      <Filter>Source Files</Filter>
    </ClInclude>
    <ClInclude Include="..\..\Source\MetaObject.h">
      <Filter>Source Files</Filter>
    </ClInclude>
    <ClInclude Include="..\..\Source\MetaObjectLinker.h">
      <Filter>Source Files</Filter>
    </ClInclude>
    <ClInclude Include="..\..\Source\Method.h">
      <Filter>Source Files</Filter>
    </ClInclude>
    <ClInclude Include="..\..\Source\MethodInfo.h">
      <Filter>Source Files</Filter>
    </ClInclude>
    <ClInclude Include="..\..\Source\Reflection.h">
      <Filter>Source Files</Filter>
    </ClInclude>
    <ClInclude Include="..\..\Source\Runtime.h">
      <Filter>Source Files</Filter>
    </ClInclude>
    <ClInclude Include="..\..\Source\StringAttribute.h">
      <Filter>Source Files</Filter>
    </ClInclude>
    <ClInclude Include="..\..\Source\Type.h">
      <Filter>Source Files</Filter>
    </ClInclude>
    <ClInclude Include="..\..\Source\TypeTrait.h">
      <Filter>Source Files</Filter>
    </ClInclude>
    <ClInclude Include="..\..\Source\ValueTypes.h">
      <Filter>Source Files</Filter>
    </ClInclude>
    <ClInclude Include="..\..\Source\Array.h">
      <Filter>Source Files</Filter>
    </ClInclude>
    <ClInclude Include="..\..\Source\Enum.h">
      <Filter>Source Files</Filter>
    </ClInclude>
    <ClInclude Include="Examples.h">
      <Filter>Example</Filter>
    </ClInclude>
    <ClInclude Include="..\..\Source\Engine.h">
      <Filter>Source Files</Filter>
    </ClInclude>
  </ItemGroup>
  <ItemGroup>
    <ClCompile Include="..\..\Source\BasicTypes.cpp">
      <Filter>Source Files</Filter>
    </ClCompile>
    <ClCompile Include="..\..\Source\MemberInfo.cpp">
      <Filter>Source Files</Filter>
    </ClCompile>
    <ClCompile Include="..\..\Source\MetaObjectLinker.cpp">
      <Filter>Source Files</Filter>
    </ClCompile>
    <ClCompile Include="..\..\Source\Runtime.cpp">
      <Filter>Source Files</Filter>
    </ClCompile>
    <ClCompile Include="..\..\Source\Type.cpp">
      <Filter>Source Files</Filter>
    </ClCompile>
    <ClCompile Include="..\..\Source\Enum.cpp">
      <Filter>Source Files</Filter>
    </ClCompile>
    <ClCompile Include="main.cpp">
      <Filter>Example</Filter>
    </ClCompile>
    <ClCompile Include="Examples.cpp">
      <Filter>Example</Filter>
    </ClCompile>
  </ItemGroup>
</Project>